
Microsoft Visual Studio Solution File, Format Version 12.00
# Visual Studio Version 17
VisualStudioVersion = 17.11.35222.181
MinimumVisualStudioVersion = 10.0.40219.1
Project("{FAE04EC0-301F-11D3-BF4B-00C04F79EFBC}") = "Assignment 7", "Assignment 7\Assignment 7.csproj", "{A8E8B772-2158-4044-A112-0A63D376577B}"
EndProject
Global
	GlobalSection(SolutionConfigurationPlatforms) = preSolution
		Debug|Any CPU = Debug|Any CPU
		Release|Any CPU = Release|Any CPU
	EndGlobalSection
	GlobalSection(ProjectConfigurationPlatforms) = postSolution
		{A8E8B772-2158-4044-A112-0A63D376577B}.Debug|Any CPU.ActiveCfg = Debug|Any CPU
		{A8E8B772-2158-4044-A112-0A63D376577B}.Debug|Any CPU.Build.0 = Debug|Any CPU
		{A8E8B772-2158-4044-A112-0A63D376577B}.Release|Any CPU.ActiveCfg = Release|Any CPU
		{A8E8B772-2158-4044-A112-0A63D376577B}.Release|Any CPU.Build.0 = Release|Any CPU
	EndGlobalSection
	GlobalSection(SolutionProperties) = preSolution
		HideSolutionNode = FALSE
	EndGlobalSection
	GlobalSection(ExtensibilityGlobals) = postSolution
		SolutionGuid = {424A548A-3E55-4916-BDFA-C00A311C37EC}
	EndGlobalSection
EndGlobal
